
Microsoft Visual Studio Solution File, Format Version 12.00
# Visual Studio Version 17
VisualStudioVersion = 17.4.33122.133
MinimumVisualStudioVersion = 10.0.40219.1
Project("{FAE04EC0-301F-11D3-BF4B-00C04F79EFBC}") = "Work 6.4", "Work 6.4.csproj", "{0DC31695-62AA-45C1-91F0-25694BD54E7C}"
EndProject
Global
	GlobalSection(SolutionConfigurationPlatforms) = preSolution
		Debug|Any CPU = Debug|Any CPU
		Release|Any CPU = Release|Any CPU
	EndGlobalSection
	GlobalSection(ProjectConfigurationPlatforms) = postSolution
		{0DC31695-62AA-45C1-91F0-25694BD54E7C}.Debug|Any CPU.ActiveCfg = Debug|Any CPU
		{0DC31695-62AA-45C1-91F0-25694BD54E7C}.Debug|Any CPU.Build.0 = Debug|Any CPU
		{0DC31695-62AA-45C1-91F0-25694BD54E7C}.Release|Any CPU.ActiveCfg = Release|Any CPU
		{0DC31695-62AA-45C1-91F0-25694BD54E7C}.Release|Any CPU.Build.0 = Release|Any CPU
	EndGlobalSection
	GlobalSection(SolutionProperties) = preSolution
		HideSolutionNode = FALSE
	EndGlobalSection
	GlobalSection(ExtensibilityGlobals) = postSolution
		SolutionGuid = {DD0EDA1F-3556-40E5-82C2-2D2351D083ED}
	EndGlobalSection
EndGlobal
